github.com/goravel/framework v1.17.2 h1:MvdptKuBuJQUOggYhG2z6+HhmUTTQcrRwPseuoDhZPs=
github.com/goravel/framework v1.17.2/go.mod h1:RMprd0L8jUQ2/sR3zL4x1uRitexSDyXgK2AXTT2a+x8=
github.com/rachmanzz/go-duitku-client v1.3.0 h1:eyqdxUDZdwNpGNi6JFE6qjMNqbJrDvQvFegXnBlDuq8=
github.com/rachmanzz/go-duitku-client v1.3.0/go.mod h1:6kamu1HaUn0EQbmNAAifnXWLHmVWFe74Ejo4VCB+Y8A=
